
Microsoft Visual Studio Solution File, Format Version 12.00
# Visual Studio Version 17
VisualStudioVersion = 17.14.36408.4 d17.14
MinimumVisualStudioVersion = 10.0.40219.1
Project("{FAE04EC0-301F-11D3-BF4B-00C04F79EFBC}") = "StockHub", "StockHub\StockHub.csproj", "{5A30ADCD-6FFD-48FE-884B-3C5CD29F2279}"
EndProject
Global
	GlobalSection(SolutionConfigurationPlatforms) = preSolution
		Debug|Any CPU = Debug|Any CPU
		Release|Any CPU = Release|Any CPU
	EndGlobalSection
	GlobalSection(ProjectConfigurationPlatforms) = postSolution
		{5A30ADCD-6FFD-48FE-884B-3C5CD29F2279}.Debug|Any CPU.ActiveCfg = Debug|Any CPU
		{5A30ADCD-6FFD-48FE-884B-3C5CD29F2279}.Debug|Any CPU.Build.0 = Debug|Any CPU
		{5A30ADCD-6FFD-48FE-884B-3C5CD29F2279}.Release|Any CPU.ActiveCfg = Release|Any CPU
		{5A30ADCD-6FFD-48FE-884B-3C5CD29F2279}.Release|Any CPU.Build.0 = Release|Any CPU
	EndGlobalSection
	GlobalSection(SolutionProperties) = preSolution
		HideSolutionNode = FALSE
	EndGlobalSection
	GlobalSection(ExtensibilityGlobals) = postSolution
		SolutionGuid = {D0FF460D-72C5-4C7B-8BB5-A423B1117A7A}
	EndGlobalSection
EndGlobal
